
Microsoft Visual Studio Solution File, Format Version 12.00
# Visual Studio Version 17
VisualStudioVersion = 17.3.32825.248
MinimumVisualStudioVersion = 10.0.40219.1
Project("{FAE04EC0-301F-11D3-BF4B-00C04F79EFBC}") = "XO", "XO\XO.csproj", "{C92E4BE0-6EB9-4344-AABC-FC3D3E75C5FD}"
EndProject
Global
	GlobalSection(SolutionConfigurationPlatforms) = preSolution
		Debug|Any CPU = Debug|Any CPU
		Release|Any CPU = Release|Any CPU
	EndGlobalSection
	GlobalSection(ProjectConfigurationPlatforms) = postSolution
		{C92E4BE0-6EB9-4344-AABC-FC3D3E75C5FD}.Debug|Any CPU.ActiveCfg = Debug|Any CPU
		{C92E4BE0-6EB9-4344-AABC-FC3D3E75C5FD}.Debug|Any CPU.Build.0 = Debug|Any CPU
		{C92E4BE0-6EB9-4344-AABC-FC3D3E75C5FD}.Release|Any CPU.ActiveCfg = Release|Any CPU
		{C92E4BE0-6EB9-4344-AABC-FC3D3E75C5FD}.Release|Any CPU.Build.0 = Release|Any CPU
	EndGlobalSection
	GlobalSection(SolutionProperties) = preSolution
		HideSolutionNode = FALSE
	EndGlobalSection
	GlobalSection(ExtensibilityGlobals) = postSolution
		SolutionGuid = {BCE06D84-2464-428D-87AB-79964AE8E6DD}
	EndGlobalSection
EndGlobal
